// !$*UTF8*$!
{
	archiveVersion = 1;
	classes = {
	};
	objectVersion = 50;
	objects = {

/* Begin PBXBuildFile section */
		383231DF221FDAC1001C0D03 /* AppDelegate.swift in Sources */ = {isa = PBXBuildFile; fileRef = 383231DE221FDAC1001C0D03 /* AppDelegate.swift */; };
		383231E1221FDAC1001C0D03 /* ViewController.swift in Sources */ = {isa = PBXBuildFile; fileRef = 383231E0221FDAC1001C0D03 /* ViewController.swift */; };
		383231E4221FDAC1001C0D03 /* Main.storyboard in Resources */ = {isa = PBXBuildFile; fileRef = 383231E2221FDAC1001C0D03 /* Main.storyboard */; };
		383231E6221FDAC3001C0D03 /* Assets.xcassets in Resources */ = {isa = PBXBuildFile; fileRef = 383231E5221FDAC3001C0D03 /* Assets.xcassets */; };
		383231E9221FDAC3001C0D03 /* LaunchScreen.storyboard in Resources */ = {isa = PBXBuildFile; fileRef = 383231E7221FDAC3001C0D03 /* LaunchScreen.storyboard */; };
		383231F4221FDAC3001C0D03 /* WheaterAppTests.swift in Sources */ = {isa = PBXBuildFile; fileRef = 383231F3221FDAC3001C0D03 /* WheaterAppTests.swift */; };
		383231FF221FDAC3001C0D03 /* WheaterAppUITests.swift in Sources */ = {isa = PBXBuildFile; fileRef = 383231FE221FDAC3001C0D03 /* WheaterAppUITests.swift */; };
/* End PBXBuildFile section */

/* Begin PBXContainerItemProxy section */
		383231F0221FDAC3001C0D03 /* PBXContainerItemProxy */ = {
			isa = PBXContainerItemProxy;
			containerPortal = 383231D3221FDAC1001C0D03 /* Project object */;
			proxyType = 1;
			remoteGlobalIDString = 383231DA221FDAC1001C0D03;
			remoteInfo = WheaterApp;
		};
		383231FB221FDAC3001C0D03 /* PBXContainerItemProxy */ = {
			isa = PBXContainerItemProxy;
			containerPortal = 383231D3221FDAC1001C0D03 /* Project object */;
			proxyType = 1;
			remoteGlobalIDString = 383231DA221FDAC1001C0D03;
			remoteInfo = WheaterApp;
		};
/* End PBXContainerItemProxy section */

/* Begin PBXFileReference section */
		383231DB221FDAC1001C0D03 /* WheaterApp.app */ = {isa = PBXFileReference; explicitFileType = wrapper.application; includeInIndex = 0; path = WheaterApp.app; sourceTree = BUILT_PRODUCTS_DIR; };
		383231DE221FDAC1001C0D03 /* AppDelegate.swift */ = {isa = PBXFileReference; lastKnownFileType = sourcecode.swift; path = AppDelegate.swift; sourceTree = "<group>"; };
		383231E0221FDAC1001C0D03 /* ViewController.swift */ = {isa = PBXFileReference; lastKnownFileType = sourcecode.swift; path = ViewController.swift; sourceTree = "<group>"; };
		383231E3221FDAC1001C0D03 /* Base */ = {isa = PBXFileReference; lastKnownFileType = file.storyboard; name = Base; path = Base.lproj/Main.storyboard; sourceTree = "<group>"; };
		383231E5221FDAC3001C0D03 /* Assets.xcassets */ = {isa = PBXFileReference; lastKnownFileType = folder.assetcatalog; path = Assets.xcassets; sourceTree = "<group>"; };
		383231E8221FDAC3001C0D03 /* Base */ = {isa = PBXFileReference; lastKnownFileType = file.storyboard; name = Base; path = Base.lproj/LaunchScreen.storyboard; sourceTree = "<group>"; };
		383231EA221FDAC3001C0D03 /* Info.plist */ = {isa = PBXFileReference; lastKnownFileType = text.plist.xml; path = Info.plist; sourceTree = "<group>"; };
		383231EF221FDAC3001C0D03 /* WheaterAppTests.xctest */ = {isa = PBXFileReference; explicitFileType = wrapper.cfbundle; includeInIndex = 0; path = WheaterAppTests.xctest; sourceTree = BUILT_PRODUCTS_DIR; };
		383231F3221FDAC3001C0D03 /* WheaterAppTests.swift */ = {isa = PBXFileReference; lastKnownFileType = sourcecode.swift; path = WheaterAppTests.swift; sourceTree = "<group>"; };
		383231F5221FDAC3001C0D03 /* Info.plist */ = {isa = PBXFileReference; lastKnownFileType = text.plist.xml; path = Info.plist; sourceTree = "<group>"; };
		383231FA221FDAC3001C0D03 /* WheaterAppUITests.xctest */ = {isa = PBXFileReference; explicitFileType = wrapper.cfbundle; includeInIndex = 0; path = WheaterAppUITests.xctest; sourceTree = BUILT_PRODUCTS_DIR; };
		383231FE221FDAC3001C0D03 /* WheaterAppUITests.swift */ = {isa = PBXFileReference; lastKnownFileType = sourcecode.swift; path = WheaterAppUITests.swift; sourceTree = "<group>"; };
		38323200221FDAC3001C0D03 /* Info.plist */ = {isa = PBXFileReference; lastKnownFileType = text.plist.xml; path = Info.plist; sourceTree = "<group>"; };
/* End PBXFileReference section */

/* Begin PBXFrameworksBuildPhase section */
		383231D8221FDAC1001C0D03 /* Frameworks */ = {
			isa = PBXFrameworksBuildPhase;
			buildActionMask = 2147483647;
			files = (
			);
			runOnlyForDeploymentPostprocessing = 0;
		};
		383231EC221FDAC3001C0D03 /* Frameworks */ = {
			isa = PBXFrameworksBuildPhase;
			buildActionMask = 2147483647;
			files = (
			);
			runOnlyForDeploymentPostprocessing = 0;
		};
		383231F7221FDAC3001C0D03 /* Frameworks */ = {
			isa = PBXFrameworksBuildPhase;
			buildActionMask = 2147483647;
			files = (
			);
			runOnlyForDeploymentPostprocessing = 0;
		};
/* End PBXFrameworksBuildPhase section */

/* Begin PBXGroup section */
		383231D2221FDAC1001C0D03 = {
			isa = PBXGroup;
			children = (
				383231DD221FDAC1001C0D03 /* WheaterApp */,
				383231F2221FDAC3001C0D03 /* WheaterAppTests */,
				383231FD221FDAC3001C0D03 /* WheaterAppUITests */,
				383231DC221FDAC1001C0D03 /* Products */,
			);
			sourceTree = "<group>";
		};
		383231DC221FDAC1001C0D03 /* Products */ = {
			isa = PBXGroup;
			children = (
				383231DB221FDAC1001C0D03 /* WheaterApp.app */,
				383231EF221FDAC3001C0D03 /* WheaterAppTests.xctest */,
				383231FA221FDAC3001C0D03 /* WheaterAppUITests.xctest */,
			);
			name = Products;
			sourceTree = "<group>";
		};
		383231DD221FDAC1001C0D03 /* WheaterApp */ = {
			isa = PBXGroup;
			children = (
				383231DE221FDAC1001C0D03 /* AppDelegate.swift */,
				383231E0221FDAC1001C0D03 /* ViewController.swift */,
				383231E2221FDAC1001C0D03 /* Main.storyboard */,
				383231E5221FDAC3001C0D03 /* Assets.xcassets */,
				383231E7221FDAC3001C0D03 /* LaunchScreen.storyboard */,
				383231EA221FDAC3001C0D03 /* Info.plist */,
			);
			path = WheaterApp;
			sourceTree = "<group>";
		};
		383231F2221FDAC3001C0D03 /* WheaterAppTests */ = {
			isa = PBXGroup;
			children = (
				383231F3221FDAC3001C0D03 /* WheaterAppTests.swift */,
				383231F5221FDAC3001C0D03 /* Info.plist */,
			);
			path = WheaterAppTests;
			sourceTree = "<group>";
		};
		383231FD221FDAC3001C0D03 /* WheaterAppUITests */ = {
			isa = PBXGroup;
			children = (
				383231FE221FDAC3001C0D03 /* WheaterAppUITests.swift */,
				38323200221FDAC3001C0D03 /* Info.plist */,
			);
			path = WheaterAppUITests;
			sourceTree = "<group>";
		};
/* End PBXGroup section */

/* Begin PBXNativeTarget section */
		383231DA221FDAC1001C0D03 /* WheaterApp */ = {
			isa = PBXNativeTarget;
			buildConfigurationList = 38323203221FDAC3001C0D03 /* Build configuration list for PBXNativeTarget "WheaterApp" */;
			buildPhases = (
				383231D7221FDAC1001C0D03 /* Sources */,
				383231D8221FDAC1001C0D03 /* Frameworks */,
				383231D9221FDAC1001C0D03 /* Resources */,
			);
			buildRules = (
			);
			dependencies = (
			);
			name = WheaterApp;
			productName = WheaterApp;
			productReference = 383231DB221FDAC1001C0D03 /* WheaterApp.app */;
			productType = "com.apple.product-type.application";
		};
		383231EE221FDAC3001C0D03 /* WheaterAppTests */ = {
			isa = PBXNativeTarget;
			buildConfigurationList = 38323206221FDAC3001C0D03 /* Build configuration list for PBXNativeTarget "WheaterAppTests" */;
			buildPhases = (
				383231EB221FDAC3001C0D03 /* Sources */,
				383231EC221FDAC3001C0D03 /* Frameworks */,
				383231ED221FDAC3001C0D03 /* Resources */,
			);
			buildRules = (
			);
			dependencies = (
				383231F1221FDAC3001C0D03 /* PBXTargetDependency */,
			);
			name = WheaterAppTests;
			productName = WheaterAppTests;
			productReference = 383231EF221FDAC3001C0D03 /* WheaterAppTests.xctest */;
			productType = "com.apple.product-type.bundle.unit-test";
		};
		383231F9221FDAC3001C0D03 /* WheaterAppUITests */ = {
			isa = PBXNativeTarget;
			buildConfigurationList = 38323209221FDAC3001C0D03 /* Build configuration list for PBXNativeTarget "WheaterAppUITests" */;
			buildPhases = (
				383231F6221FDAC3001C0D03 /* Sources */,
				383231F7221FDAC3001C0D03 /* Frameworks */,
				383231F8221FDAC3001C0D03 /* Resources */,
			);
			buildRules = (
			);
			dependencies = (
				383231FC221FDAC3001C0D03 /* PBXTargetDependency */,
			);
			name = WheaterAppUITests;
			productName = WheaterAppUITests;
			productReference = 383231FA221FDAC3001C0D03 /* WheaterAppUITests.xctest */;
			productType = "com.apple.product-type.bundle.ui-testing";
		};
/* End PBXNativeTarget section */

/* Begin PBXProject section */
		383231D3221FDAC1001C0D03 /* Project object */ = {
			isa = PBXProject;
			attributes = {
				LastSwiftUpdateCheck = 1010;
				LastUpgradeCheck = 1010;
				ORGANIZATIONNAME = "Renan Camaforte";
				TargetAttributes = {
					383231DA221FDAC1001C0D03 = {
						CreatedOnToolsVersion = 10.1;
					};
					383231EE221FDAC3001C0D03 = {
						CreatedOnToolsVersion = 10.1;
						TestTargetID = 383231DA221FDAC1001C0D03;
					};
					383231F9221FDAC3001C0D03 = {
						CreatedOnToolsVersion = 10.1;
						TestTargetID = 383231DA221FDAC1001C0D03;
					};
				};
			};
			buildConfigurationList = 383231D6221FDAC1001C0D03 /* Build configuration list for PBXProject "WheaterApp" */;
			compatibilityVersion = "Xcode 9.3";
			developmentRegion = en;
			hasScannedForEncodings = 0;
			knownRegions = (
				en,
				Base,
			);
			mainGroup = 383231D2221FDAC1001C0D03;
			productRefGroup = 383231DC221FDAC1001C0D03 /* Products */;
			projectDirPath = "";
			projectRoot = "";
			targets = (
				383231DA221FDAC1001C0D03 /* WheaterApp */,
				383231EE221FDAC3001C0D03 /* WheaterAppTests */,
				383231F9221FDAC3001C0D03 /* WheaterAppUITests */,
			);
		};
/* End PBXProject section */

/* Begin PBXResourcesBuildPhase section */
		383231D9221FDAC1001C0D03 /* Resources */ = {
			isa = PBXResourcesBuildPhase;
			buildActionMask = 2147483647;
			files = (
				383231E9221FDAC3001C0D03 /* LaunchScreen.storyboard in Resources */,
				383231E6221FDAC3001C0D03 /* Assets.xcassets in Resources */,
				383231E4221FDAC1001C0D03 /* Main.storyboard in Resources */,
			);
			runOnlyForDeploymentPostprocessing = 0;
		};
		383231ED221FDAC3001C0D03 /* Resources */ = {
			isa = PBXResourcesBuildPhase;
			buildActionMask = 2147483647;
			files = (
			);
			runOnlyForDeploymentPostprocessing = 0;
		};
		383231F8221FDAC3001C0D03 /* Resources */ = {
			isa = PBXResourcesBuildPhase;
			buildActionMask = 2147483647;
			files = (
			);
			runOnlyForDeploymentPostprocessing = 0;
		};
/* End PBXResourcesBuildPhase section */

/* Begin PBXSourcesBuildPhase section */
		383231D7221FDAC1001C0D03 /* Sources */ = {
			isa = PBXSourcesBuildPhase;
			buildActionMask = 2147483647;
			files = (
				383231E1221FDAC1001C0D03 /* ViewController.swift in Sources */,
				383231DF221FDAC1001C0D03 /* AppDelegate.swift in Sources */,
			);
			runOnlyForDeploymentPostprocessing = 0;
		};
		383231EB221FDAC3001C0D03 /* Sources */ = {
			isa = PBXSourcesBuildPhase;
			buildActionMask = 2147483647;
			files = (
				383231F4221FDAC3001C0D03 /* WheaterAppTests.swift in Sources */,
			);
			runOnlyForDeploymentPostprocessing = 0;
		};
		383231F6221FDAC3001C0D03 /* Sources */ = {
			isa = PBXSourcesBuildPhase;
			buildActionMask = 2147483647;
			files = (
				383231FF221FDAC3001C0D03 /* WheaterAppUITests.swift in Sources */,
			);
			runOnlyForDeploymentPostprocessing = 0;
		};
/* End PBXSourcesBuildPhase section */

/* Begin PBXTargetDependency section */
		383231F1221FDAC3001C0D03 /* PBXTargetDependency */ = {
			isa = PBXTargetDependency;
			target = 383231DA221FDAC1001C0D03 /* WheaterApp */;
			targetProxy = 383231F0221FDAC3001C0D03 /* PBXContainerItemProxy */;
		};
		383231FC221FDAC3001C0D03 /* PBXTargetDependency */ = {
			isa = PBXTargetDependency;
			target = 383231DA221FDAC1001C0D03 /* WheaterApp */;
			targetProxy = 383231FB221FDAC3001C0D03 /* PBXContainerItemProxy */;
		};
/* End PBXTargetDependency section */

/* Begin PBXVariantGroup section */
		383231E2221FDAC1001C0D03 /* Main.storyboard */ = {
			isa = PBXVariantGroup;
			children = (
				383231E3221FDAC1001C0D03 /* Base */,
			);
			name = Main.storyboard;
			sourceTree = "<group>";
		};
		383231E7221FDAC3001C0D03 /* LaunchScreen.storyboard */ = {
			isa = PBXVariantGroup;
			children = (
				383231E8221FDAC3001C0D03 /* Base */,
			);
			name = LaunchScreen.storyboard;
			sourceTree = "<group>";
		};
/* End PBXVariantGroup section */

/* Begin XCBuildConfiguration section */
		38323201221FDAC3001C0D03 /* Debug */ = {
			isa = XCBuildConfiguration;
			buildSettings = {
				ALWAYS_SEARCH_USER_PATHS = NO;
				CLANG_ANALYZER_NONNULL = YES;
				CLANG_ANALYZER_NUMBER_OBJECT_CONVERSION = YES_AGGRESSIVE;
				CLANG_CXX_LANGUAGE_STANDARD = "gnu++14";
				CLANG_CXX_LIBRARY = "libc++";
				CLANG_ENABLE_MODULES = YES;
				CLANG_ENABLE_OBJC_ARC = YES;
				CLANG_ENABLE_OBJC_WEAK = YES;
				CLANG_WARN_BLOCK_CAPTURE_AUTORELEASING = YES;
				CLANG_WARN_BOOL_CONVERSION = YES;
				CLANG_WARN_COMMA = YES;
				CLANG_WARN_CONSTANT_CONVERSION = YES;
				CLANG_WARN_DEPRECATED_OBJC_IMPLEMENTATIONS = YES;
				CLANG_WARN_DIRECT_OBJC_ISA_USAGE = YES_ERROR;
				CLANG_WARN_DOCUMENTATION_COMMENTS = YES;
				CLANG_WARN_EMPTY_BODY = YES;
				CLANG_WARN_ENUM_CONVERSION = YES;
				CLANG_WARN_INFINITE_RECURSION = YES;
				CLANG_WARN_INT_CONVERSION = YES;
				CLANG_WARN_NON_LITERAL_NULL_CONVERSION = YES;
				CLANG_WARN_OBJC_IMPLICIT_RETAIN_SELF = YES;
				CLANG_WARN_OBJC_LITERAL_CONVERSION = YES;
				CLANG_WARN_OBJC_ROOT_CLASS = YES_ERROR;
				CLANG_WARN_RANGE_LOOP_ANALYSIS = YES;
				CLANG_WARN_STRICT_PROTOTYPES = YES;
				CLANG_WARN_SUSPICIOUS_MOVE = YES;
				CLANG_WARN_UNGUARDED_AVAILABILITY = YES_AGGRESSIVE;
				CLANG_WARN_UNREACHABLE_CODE = YES;
				CLANG_WARN__DUPLICATE_METHOD_MATCH = YES;
				CODE_SIGN_IDENTITY = "iPhone Developer";
				COPY_PHASE_STRIP = NO;
				DEBUG_INFORMATION_FORMAT = dwarf;
				ENABLE_STRICT_OBJC_MSGSEND = YES;
				ENABLE_TESTABILITY = YES;
				GCC_C_LANGUAGE_STANDARD = gnu11;
				GCC_DYNAMIC_NO_PIC = NO;
				GCC_NO_COMMON_BLOCKS = YES;
				GCC_OPTIMIZATION_LEVEL = 0;
				GCC_PREPROCESSOR_DEFINITIONS = (
					"DEBUG=1",
					"$(inherited)",
				);
				GCC_WARN_64_TO_32_BIT_CONVERSION = YES;
				GCC_WARN_ABOUT_RETURN_TYPE = YES_ERROR;
				GCC_WARN_UNDECLARED_SELECTOR = YES;
				GCC_WARN_UNINITIALIZED_AUTOS = YES_AGGRESSIVE;
				GCC_WARN_UNUSED_FUNCTION = YES;
				GCC_WARN_UNUSED_VARIABLE = YES;
				IPHONEOS_DEPLOYMENT_TARGET = 12.1;
				MTL_ENABLE_DEBUG_INFO = INCLUDE_SOURCE;
				MTL_FAST_MATH = YES;
				ONLY_ACTIVE_ARCH = YES;
				SDKROOT = iphoneos;
				SWIFT_ACTIVE_COMPILATION_CONDITIONS = DEBUG;
				SWIFT_OPTIMIZATION_LEVEL = "-Onone";
			};
			name = Debug;
		};
		38323202221FDAC3001C0D03 /* Release */ = {
			isa = XCBuildConfiguration;
			buildSettings = {
				ALWAYS_SEARCH_USER_PATHS = NO;
				CLANG_ANALYZER_NONNULL = YES;
				CLANG_ANALYZER_NUMBER_OBJECT_CONVERSION = YES_AGGRESSIVE;
				CLANG_CXX_LANGUAGE_STANDARD = "gnu++14";
				CLANG_CXX_LIBRARY = "libc++";
				CLANG_ENABLE_MODULES = YES;
				CLANG_ENABLE_OBJC_ARC = YES;
				CLANG_ENABLE_OBJC_WEAK = YES;
				CLANG_WARN_BLOCK_CAPTURE_AUTORELEASING = YES;
				CLANG_WARN_BOOL_CONVERSION = YES;
				CLANG_WARN_COMMA = YES;
				CLANG_WARN_CONSTANT_CONVERSION = YES;
				CLANG_WARN_DEPRECATED_OBJC_IMPLEMENTATIONS = YES;
				CLANG_WARN_DIRECT_OBJC_ISA_USAGE = YES_ERROR;
				CLANG_WARN_DOCUMENTATION_COMMENTS = YES;
				CLANG_WARN_EMPTY_BODY = YES;
				CLANG_WARN_ENUM_CONVERSION = YES;
				CLANG_WARN_INFINITE_RECURSION = YES;
				CLANG_WARN_INT_CONVERSION = YES;
				CLANG_WARN_NON_LITERAL_NULL_CONVERSION = YES;
				CLANG_WARN_OBJC_IMPLICIT_RETAIN_SELF = YES;
				CLANG_WARN_OBJC_LITERAL_CONVERSION = YES;
				CLANG_WARN_OBJC_ROOT_CLASS = YES_ERROR;
				CLANG_WARN_RANGE_LOOP_ANALYSIS = YES;
				CLANG_WARN_STRICT_PROTOTYPES = YES;
				CLANG_WARN_SUSPICIOUS_MOVE = YES;
				CLANG_WARN_UNGUARDED_AVAILABILITY = YES_AGGRESSIVE;
				CLANG_WARN_UNREACHABLE_CODE = YES;
				CLANG_WARN__DUPLICATE_METHOD_MATCH = YES;
				CODE_SIGN_IDENTITY = "iPhone Developer";
				COPY_PHASE_STRIP = NO;
				DEBUG_INFORMATION_FORMAT = "dwarf-with-dsym";
				ENABLE_NS_ASSERTIONS = NO;
				ENABLE_STRICT_OBJC_MSGSEND = YES;
				GCC_C_LANGUAGE_STANDARD = gnu11;
				GCC_NO_COMMON_BLOCKS = YES;
				GCC_WARN_64_TO_32_BIT_CONVERSION = YES;
				GCC_WARN_ABOUT_RETURN_TYPE = YES_ERROR;
				GCC_WARN_UNDECLARED_SELECTOR = YES;
				GCC_WARN_UNINITIALIZED_AUTOS = YES_AGGRESSIVE;
				GCC_WARN_UNUSED_FUNCTION = YES;
				GCC_WARN_UNUSED_VARIABLE = YES;
				IPHONEOS_DEPLOYMENT_TARGET = 12.1;
				MTL_ENABLE_DEBUG_INFO = NO;
				MTL_FAST_MATH = YES;
				SDKROOT = iphoneos;
				SWIFT_COMPILATION_MODE = wholemodule;
				SWIFT_OPTIMIZATION_LEVEL = "-O";
				VALIDATE_PRODUCT = YES;
			};
			name = Release;
		};
		38323204221FDAC3001C0D03 /* Debug */ = {
			isa = XCBuildConfiguration;
			buildSettings = {
				ASSETCATALOG_COMPILER_APPICON_NAME = AppIcon;
				CODE_SIGN_STYLE = Automatic;
				INFOPLIST_FILE = WheaterApp/Info.plist;
				LD_RUNPATH_SEARCH_PATHS = (
					"$(inherited)",
					"@executable_path/Frameworks",
				);
				PRODUCT_BUNDLE_IDENTIFIER = xlifftest.WheaterApp;
				PRODUCT_NAME = "$(TARGET_NAME)";
				SWIFT_VERSION = 4.2;
				TARGETED_DEVICE_FAMILY = "1,2";
			};
			name = Debug;
		};
		38323205221FDAC3001C0D03 /* Release */ = {
			isa = XCBuildConfiguration;
			buildSettings = {
				ASSETCATALOG_COMPILER_APPICON_NAME = AppIcon;
				CODE_SIGN_STYLE = Automatic;
				INFOPLIST_FILE = WheaterApp/Info.plist;
				LD_RUNPATH_SEARCH_PATHS = (
					"$(inherited)",
					"@executable_path/Frameworks",
				);
				PRODUCT_BUNDLE_IDENTIFIER = xlifftest.WheaterApp;
				PRODUCT_NAME = "$(TARGET_NAME)";
				SWIFT_VERSION = 4.2;
				TARGETED_DEVICE_FAMILY = "1,2";
			};
			name = Release;
		};
		38323207221FDAC3001C0D03 /* Debug */ = {
			isa = XCBuildConfiguration;
			buildSettings = {
				ALWAYS_EMBED_SWIFT_STANDARD_LIBRARIES = YES;
				BUNDLE_LOADER = "$(TEST_HOST)";
				CODE_SIGN_STYLE = Automatic;
				INFOPLIST_FILE = WheaterAppTests/Info.plist;
				LD_RUNPATH_SEARCH_PATHS = (
					"$(inherited)",
					"@executable_path/Frameworks",
					"@loader_path/Frameworks",
				);
				PRODUCT_BUNDLE_IDENTIFIER = xlifftest.WheaterAppTests;
				PRODUCT_NAME = "$(TARGET_NAME)";
				SWIFT_VERSION = 4.2;
				TARGETED_DEVICE_FAMILY = "1,2";
				TEST_HOST = "$(BUILT_PRODUCTS_DIR)/WheaterApp.app/WheaterApp";
			};
			name = Debug;
		};
		38323208221FDAC3001C0D03 /* Release */ = {
			isa = XCBuildConfiguration;
			buildSettings = {
				ALWAYS_EMBED_SWIFT_STANDARD_LIBRARIES = YES;
				BUNDLE_LOADER = "$(TEST_HOST)";
				CODE_SIGN_STYLE = Automatic;
				INFOPLIST_FILE = WheaterAppTests/Info.plist;
				LD_RUNPATH_SEARCH_PATHS = (
					"$(inherited)",
					"@executable_path/Frameworks",
					"@loader_path/Frameworks",
				);
				PRODUCT_BUNDLE_IDENTIFIER = xlifftest.WheaterAppTests;
				PRODUCT_NAME = "$(TARGET_NAME)";
				SWIFT_VERSION = 4.2;
				TARGETED_DEVICE_FAMILY = "1,2";
				TEST_HOST = "$(BUILT_PRODUCTS_DIR)/WheaterApp.app/WheaterApp";
			};
			name = Release;
		};
		3832320A221FDAC3001C0D03 /* Debug */ = {
			isa = XCBuildConfiguration;
			buildSettings = {
				ALWAYS_EMBED_SWIFT_STANDARD_LIBRARIES = YES;
				CODE_SIGN_STYLE = Automatic;
				INFOPLIST_FILE = WheaterAppUITests/Info.plist;
				LD_RUNPATH_SEARCH_PATHS = (
					"$(inherited)",
					"@executable_path/Frameworks",
					"@loader_path/Frameworks",
				);
				PRODUCT_BUNDLE_IDENTIFIER = xlifftest.WheaterAppUITests;
				PRODUCT_NAME = "$(TARGET_NAME)";
				SWIFT_VERSION = 4.2;
				TARGETED_DEVICE_FAMILY = "1,2";
				TEST_TARGET_NAME = WheaterApp;
			};
			name = Debug;
		};
		3832320B221FDAC3001C0D03 /* Release */ = {
			isa = XCBuildConfiguration;
			buildSettings = {
				ALWAYS_EMBED_SWIFT_STANDARD_LIBRARIES = YES;
				CODE_SIGN_STYLE = Automatic;
				INFOPLIST_FILE = WheaterAppUITests/Info.plist;
				LD_RUNPATH_SEARCH_PATHS = (
					"$(inherited)",
					"@executable_path/Frameworks",
					"@loader_path/Frameworks",
				);
				PRODUCT_BUNDLE_IDENTIFIER = xlifftest.WheaterAppUITests;
				PRODUCT_NAME = "$(TARGET_NAME)";
				SWIFT_VERSION = 4.2;
				TARGETED_DEVICE_FAMILY = "1,2";
				TEST_TARGET_NAME = WheaterApp;
			};
			name = Release;
		};
/* End XCBuildConfiguration section */

/* Begin XCConfigurationList section */
		383231D6221FDAC1001C0D03 /* Build configuration list for PBXProject "WheaterApp" */ = {
			isa = XCConfigurationList;
			buildConfigurations = (
				38323201221FDAC3001C0D03 /* Debug */,
				38323202221FDAC3001C0D03 /* Release */,
			);
			defaultConfigurationIsVisible = 0;
			defaultConfigurationName = Release;
		};
		38323203221FDAC3001C0D03 /* Build configuration list for PBXNativeTarget "WheaterApp" */ = {
			isa = XCConfigurationList;
			buildConfigurations = (
				38323204221FDAC3001C0D03 /* Debug */,
				38323205221FDAC3001C0D03 /* Release */,
			);
			defaultConfigurationIsVisible = 0;
			defaultConfigurationName = Release;
		};
		38323206221FDAC3001C0D03 /* Build configuration list for PBXNativeTarget "WheaterAppTests" */ = {
			isa = XCConfigurationList;
			buildConfigurations = (
				38323207221FDAC3001C0D03 /* Debug */,
				38323208221FDAC3001C0D03 /* Release */,
			);
			defaultConfigurationIsVisible = 0;
			defaultConfigurationName = Release;
		};
		38323209221FDAC3001C0D03 /* Build configuration list for PBXNativeTarget "WheaterAppUITests" */ = {
			isa = XCConfigurationList;
			buildConfigurations = (
				3832320A221FDAC3001C0D03 /* Debug */,
				3832320B221FDAC3001C0D03 /* Release */,
			);
			defaultConfigurationIsVisible = 0;
			defaultConfigurationName = Release;
		};
/* End XCConfigurationList section */
	};
	rootObject = 383231D3221FDAC1001C0D03 /* Project object */;
}
